
Microsoft Visual Studio Solution File, Format Version 12.00
# Visual Studio 2013
VisualStudioVersion = 12.0.21005.1
MinimumVisualStudioVersion = 10.0.40219.1
Project("{FAE04EC0-301F-11D3-BF4B-00C04F79EFBC}") = "ProgPril_Laba1", "ProgPril_Laba1\ProgPril_Laba1.csproj", "{C0386327-9DD5-42DA-9262-B45E46832E65}"
EndProject
Project("{FAE04EC0-301F-11D3-BF4B-00C04F79EFBC}") = "Sorter", "Strategy\Sorter.csproj", "{50F6B3A0-41E3-4079-98FF-6DE7BC6FDA55}"
EndProject
Project("{FAE04EC0-301F-11D3-BF4B-00C04F79EFBC}") = "EventsSocialNet", "EventsSocialNet\EventsSocialNet.csproj", "{FF8F53D7-43C2-43B6-B067-D1A580A13D64}"
EndProject
Project("{FAE04EC0-301F-11D3-BF4B-00C04F79EFBC}") = "ProjectBillingDataAccess", "ProjectBillingDataAccess\ProjectBillingDataAccess.csproj", "{08B5ADE6-B11B-4238-BEDA-AA37C9918FD0}"
EndProject
Project("{FAE04EC0-301F-11D3-BF4B-00C04F79EFBC}") = "ProjectBilling.Monolithic", "ProjectBilling.Monolithic\ProjectBilling.Monolithic.csproj", "{42692B6E-5711-4978-B45A-8E1FDBD19035}"
EndProject
Project("{FAE04EC0-301F-11D3-BF4B-00C04F79EFBC}") = "StoreApp", "StoreApp\StoreApp.csproj", "{62A90B7E-AAFE-4190-BBE5-30A13C3E3B88}"
EndProject
Project("{FAE04EC0-301F-11D3-BF4B-00C04F79EFBC}") = "ProjectBilling.DataAccess", "ProjectBilling.DataAccess\ProjectBilling.DataAccess.csproj", "{5254D684-BE3F-4603-AFC2-52A332B7A1F4}"
EndProject
Project("{FAE04EC0-301F-11D3-BF4B-00C04F79EFBC}") = "MvcProjectBilling", "MvcProjectBilling\MvcProjectBilling.csproj", "{449C798C-BE2C-4001-A482-1F608ED12C0D}"
EndProject
Global
	GlobalSection(SolutionConfigurationPlatforms) = preSolution
		Debug|Any CPU = Debug|Any CPU
		Release|Any CPU = Release|Any CPU
	EndGlobalSection
	GlobalSection(ProjectConfigurationPlatforms) = postSolution
		{C0386327-9DD5-42DA-9262-B45E46832E65}.Debug|Any CPU.ActiveCfg = Debug|Any CPU
		{C0386327-9DD5-42DA-9262-B45E46832E65}.Debug|Any CPU.Build.0 = Debug|Any CPU
		{C0386327-9DD5-42DA-9262-B45E46832E65}.Release|Any CPU.ActiveCfg = Release|Any CPU
		{C0386327-9DD5-42DA-9262-B45E46832E65}.Release|Any CPU.Build.0 = Release|Any CPU
		{50F6B3A0-41E3-4079-98FF-6DE7BC6FDA55}.Debug|Any CPU.ActiveCfg = Debug|Any CPU
		{50F6B3A0-41E3-4079-98FF-6DE7BC6FDA55}.Debug|Any CPU.Build.0 = Debug|Any CPU
		{50F6B3A0-41E3-4079-98FF-6DE7BC6FDA55}.Release|Any CPU.ActiveCfg = Release|Any CPU
		{50F6B3A0-41E3-4079-98FF-6DE7BC6FDA55}.Release|Any CPU.Build.0 = Release|Any CPU
		{FF8F53D7-43C2-43B6-B067-D1A580A13D64}.Debug|Any CPU.ActiveCfg = Debug|Any CPU
		{FF8F53D7-43C2-43B6-B067-D1A580A13D64}.Debug|Any CPU.Build.0 = Debug|Any CPU
		{FF8F53D7-43C2-43B6-B067-D1A580A13D64}.Release|Any CPU.ActiveCfg = Release|Any CPU
		{FF8F53D7-43C2-43B6-B067-D1A580A13D64}.Release|Any CPU.Build.0 = Release|Any CPU
		{08B5ADE6-B11B-4238-BEDA-AA37C9918FD0}.Debug|Any CPU.ActiveCfg = Debug|Any CPU
		{08B5ADE6-B11B-4238-BEDA-AA37C9918FD0}.Debug|Any CPU.Build.0 = Debug|Any CPU
		{08B5ADE6-B11B-4238-BEDA-AA37C9918FD0}.Release|Any CPU.ActiveCfg = Release|Any CPU
		{08B5ADE6-B11B-4238-BEDA-AA37C9918FD0}.Release|Any CPU.Build.0 = Release|Any CPU
		{42692B6E-5711-4978-B45A-8E1FDBD19035}.Debug|Any CPU.ActiveCfg = Debug|Any CPU
		{42692B6E-5711-4978-B45A-8E1FDBD19035}.Debug|Any CPU.Build.0 = Debug|Any CPU
		{42692B6E-5711-4978-B45A-8E1FDBD19035}.Release|Any CPU.ActiveCfg = Release|Any CPU
		{42692B6E-5711-4978-B45A-8E1FDBD19035}.Release|Any CPU.Build.0 = Release|Any CPU
		{62A90B7E-AAFE-4190-BBE5-30A13C3E3B88}.Debug|Any CPU.ActiveCfg = Debug|Any CPU
		{62A90B7E-AAFE-4190-BBE5-30A13C3E3B88}.Debug|Any CPU.Build.0 = Debug|Any CPU
		{62A90B7E-AAFE-4190-BBE5-30A13C3E3B88}.Release|Any CPU.ActiveCfg = Release|Any CPU
		{62A90B7E-AAFE-4190-BBE5-30A13C3E3B88}.Release|Any CPU.Build.0 = Release|Any CPU
		{5254D684-BE3F-4603-AFC2-52A332B7A1F4}.Debug|Any CPU.ActiveCfg = Debug|Any CPU
		{5254D684-BE3F-4603-AFC2-52A332B7A1F4}.Debug|Any CPU.Build.0 = Debug|Any CPU
		{5254D684-BE3F-4603-AFC2-52A332B7A1F4}.Release|Any CPU.ActiveCfg = Release|Any CPU
		{5254D684-BE3F-4603-AFC2-52A332B7A1F4}.Release|Any CPU.Build.0 = Release|Any CPU
		{449C798C-BE2C-4001-A482-1F608ED12C0D}.Debug|Any CPU.ActiveCfg = Debug|Any CPU
		{449C798C-BE2C-4001-A482-1F608ED12C0D}.Debug|Any CPU.Build.0 = Debug|Any CPU
		{449C798C-BE2C-4001-A482-1F608ED12C0D}.Release|Any CPU.ActiveCfg = Release|Any CPU
		{449C798C-BE2C-4001-A482-1F608ED12C0D}.Release|Any CPU.Build.0 = Release|Any CPU
	EndGlobalSection
	GlobalSection(SolutionProperties) = preSolution
		HideSolutionNode = FALSE
	EndGlobalSection
EndGlobal
